
Microsoft Visual Studio Solution File, Format Version 12.00
# Visual Studio Version 16
VisualStudioVersion = 16.0.31205.134
MinimumVisualStudioVersion = 10.0.40219.1
Project("{9A19103F-16F7-4668-BE54-9A1E7A4F7556}") = "Origin.Web", "Origin.Web\Origin.Web.csproj", "{9F5BDE74-F919-44B2-95D5-B79BCC47FC3A}"
EndProject
Project("{2150E333-8FDC-42A3-9474-1A3956D46DE8}") = "1. Host", "1. Host", "{D15D7B32-0492-4CDC-AED7-B0E99AB76C13}"
EndProject
Project("{2150E333-8FDC-42A3-9474-1A3956D46DE8}") = "2. Application", "2. Application", "{E8AC889F-7109-49CC-87D6-46F232370E2C}"
EndProject
Project("{2150E333-8FDC-42A3-9474-1A3956D46DE8}") = "3. Domain", "3. Domain", "{CC1D311C-C367-4460-8DB4-06DF27A147BC}"
EndProject
Project("{9A19103F-16F7-4668-BE54-9A1E7A4F7556}") = "Origin.Application", "Origin.Application\Origin.Application.csproj", "{C4221E0B-05EB-42DC-A52F-2C8171C1DCEB}"
EndProject
Project("{9A19103F-16F7-4668-BE54-9A1E7A4F7556}") = "Origin.Domain", "Origin.Domain\Origin.Domain.csproj", "{C6672D34-5F6D-4C25-9486-600B1635B0CA}"
EndProject
Project("{2150E333-8FDC-42A3-9474-1A3956D46DE8}") = "4. Tests", "4. Tests", "{D3978A05-FEEB-459F-B210-2B379F00495B}"
EndProject
Project("{9A19103F-16F7-4668-BE54-9A1E7A4F7556}") = "Origin.UnitTests", "Origin.UnitTests\Origin.UnitTests.csproj", "{9FE4C514-032C-4952-BCDA-268190860F09}"
EndProject
Project("{FAE04EC0-301F-11D3-BF4B-00C04F79EFBC}") = "Origin.IntegrationTests", "Origin.IntegrationTests\Origin.IntegrationTests.csproj", "{FF51C239-867E-43F9-AC17-E59105B0DDF1}"
EndProject
Project("{2150E333-8FDC-42A3-9474-1A3956D46DE8}") = "0. Common", "0. Common", "{ACC9EF6D-5F13-43BB-A5EB-BA218FA002B7}"
EndProject
Project("{FAE04EC0-301F-11D3-BF4B-00C04F79EFBC}") = "Origin.Common", "Origin.Common\Origin.Common.csproj", "{55269717-D82C-4334-B1E8-3390A850B9B5}"
EndProject
Global
	GlobalSection(SolutionConfigurationPlatforms) = preSolution
		Debug|Any CPU = Debug|Any CPU
		Release|Any CPU = Release|Any CPU
	EndGlobalSection
	GlobalSection(ProjectConfigurationPlatforms) = postSolution
		{9F5BDE74-F919-44B2-95D5-B79BCC47FC3A}.Debug|Any CPU.ActiveCfg = Debug|Any CPU
		{9F5BDE74-F919-44B2-95D5-B79BCC47FC3A}.Debug|Any CPU.Build.0 = Debug|Any CPU
		{9F5BDE74-F919-44B2-95D5-B79BCC47FC3A}.Release|Any CPU.ActiveCfg = Release|Any CPU
		{9F5BDE74-F919-44B2-95D5-B79BCC47FC3A}.Release|Any CPU.Build.0 = Release|Any CPU
		{C4221E0B-05EB-42DC-A52F-2C8171C1DCEB}.Debug|Any CPU.ActiveCfg = Debug|Any CPU
		{C4221E0B-05EB-42DC-A52F-2C8171C1DCEB}.Debug|Any CPU.Build.0 = Debug|Any CPU
		{C4221E0B-05EB-42DC-A52F-2C8171C1DCEB}.Release|Any CPU.ActiveCfg = Release|Any CPU
		{C4221E0B-05EB-42DC-A52F-2C8171C1DCEB}.Release|Any CPU.Build.0 = Release|Any CPU
		{C6672D34-5F6D-4C25-9486-600B1635B0CA}.Debug|Any CPU.ActiveCfg = Debug|Any CPU
		{C6672D34-5F6D-4C25-9486-600B1635B0CA}.Debug|Any CPU.Build.0 = Debug|Any CPU
		{C6672D34-5F6D-4C25-9486-600B1635B0CA}.Release|Any CPU.ActiveCfg = Release|Any CPU
		{C6672D34-5F6D-4C25-9486-600B1635B0CA}.Release|Any CPU.Build.0 = Release|Any CPU
		{9FE4C514-032C-4952-BCDA-268190860F09}.Debug|Any CPU.ActiveCfg = Debug|Any CPU
		{9FE4C514-032C-4952-BCDA-268190860F09}.Debug|Any CPU.Build.0 = Debug|Any CPU
		{9FE4C514-032C-4952-BCDA-268190860F09}.Release|Any CPU.ActiveCfg = Release|Any CPU
		{9FE4C514-032C-4952-BCDA-268190860F09}.Release|Any CPU.Build.0 = Release|Any CPU
		{FF51C239-867E-43F9-AC17-E59105B0DDF1}.Debug|Any CPU.ActiveCfg = Debug|Any CPU
		{FF51C239-867E-43F9-AC17-E59105B0DDF1}.Debug|Any CPU.Build.0 = Debug|Any CPU
		{FF51C239-867E-43F9-AC17-E59105B0DDF1}.Release|Any CPU.ActiveCfg = Release|Any CPU
		{FF51C239-867E-43F9-AC17-E59105B0DDF1}.Release|Any CPU.Build.0 = Release|Any CPU
		{55269717-D82C-4334-B1E8-3390A850B9B5}.Debug|Any CPU.ActiveCfg = Debug|Any CPU
		{55269717-D82C-4334-B1E8-3390A850B9B5}.Debug|Any CPU.Build.0 = Debug|Any CPU
		{55269717-D82C-4334-B1E8-3390A850B9B5}.Release|Any CPU.ActiveCfg = Release|Any CPU
		{55269717-D82C-4334-B1E8-3390A850B9B5}.Release|Any CPU.Build.0 = Release|Any CPU
	EndGlobalSection
	GlobalSection(SolutionProperties) = preSolution
		HideSolutionNode = FALSE
	EndGlobalSection
	GlobalSection(NestedProjects) = preSolution
		{9F5BDE74-F919-44B2-95D5-B79BCC47FC3A} = {D15D7B32-0492-4CDC-AED7-B0E99AB76C13}
		{C4221E0B-05EB-42DC-A52F-2C8171C1DCEB} = {E8AC889F-7109-49CC-87D6-46F232370E2C}
		{C6672D34-5F6D-4C25-9486-600B1635B0CA} = {CC1D311C-C367-4460-8DB4-06DF27A147BC}
		{9FE4C514-032C-4952-BCDA-268190860F09} = {D3978A05-FEEB-459F-B210-2B379F00495B}
		{FF51C239-867E-43F9-AC17-E59105B0DDF1} = {D3978A05-FEEB-459F-B210-2B379F00495B}
		{55269717-D82C-4334-B1E8-3390A850B9B5} = {ACC9EF6D-5F13-43BB-A5EB-BA218FA002B7}
	EndGlobalSection
	GlobalSection(ExtensibilityGlobals) = postSolution
		SolutionGuid = {F3D39FD4-A09D-495A-B71C-B74D3A827251}
	EndGlobalSection
EndGlobal
